// !$*UTF8*$!
{
	archiveVersion = 1;
	classes = {
	};
	objectVersion = 46;
	objects = {

/* Begin PBXBuildFile section */
		B4099AC91D72B4D7008C7569 /* CardMatchingGame.m in Sources */ = {isa = PBXBuildFile; fileRef = B4099AC81D72B4D7008C7569 /* CardMatchingGame.m */; };
		B46768E51D71959900E838CF /* main.m in Sources */ = {isa = PBXBuildFile; fileRef = B46768E41D71959900E838CF /* main.m */; };
		B46768E81D71959900E838CF /* CardGameAppDelegate.m in Sources */ = {isa = PBXBuildFile; fileRef = B46768E71D71959900E838CF /* CardGameAppDelegate.m */; };
		B46768EB1D71959900E838CF /* CardGameViewController.m in Sources */ = {isa = PBXBuildFile; fileRef = B46768EA1D71959900E838CF /* CardGameViewController.m */; };
		B46768EE1D71959900E838CF /* Main.storyboard in Resources */ = {isa = PBXBuildFile; fileRef = B46768EC1D71959900E838CF /* Main.storyboard */; };
		B46768F01D71959900E838CF /* Assets.xcassets in Resources */ = {isa = PBXBuildFile; fileRef = B46768EF1D71959900E838CF /* Assets.xcassets */; };
		B46768F31D71959900E838CF /* LaunchScreen.storyboard in Resources */ = {isa = PBXBuildFile; fileRef = B46768F11D71959900E838CF /* LaunchScreen.storyboard */; };
		B46768FC1D71A04500E838CF /* Card.m in Sources */ = {isa = PBXBuildFile; fileRef = B46768FB1D71A04500E838CF /* Card.m */; };
		B4A1DD8A1D71D98200A491D7 /* Deck.m in Sources */ = {isa = PBXBuildFile; fileRef = B4A1DD891D71D98200A491D7 /* Deck.m */; };
		B4A1DD8D1D71D99D00A491D7 /* PlayingCard.m in Sources */ = {isa = PBXBuildFile; fileRef = B4A1DD8C1D71D99D00A491D7 /* PlayingCard.m */; };
		B4A1DD901D71D9B100A491D7 /* PlayingCardDeck.m in Sources */ = {isa = PBXBuildFile; fileRef = B4A1DD8F1D71D9B100A491D7 /* PlayingCardDeck.m */; };
/* End PBXBuildFile section */

/* Begin PBXFileReference section */
		B4099AC71D72B4D7008C7569 /* CardMatchingGame.h */ = {isa = PBXFileReference; fileEncoding = 4; lastKnownFileType = sourcecode.c.h; name = CardMatchingGame.h; path = Model/CardMatchingGame.h; sourceTree = "<group>"; };
		B4099AC81D72B4D7008C7569 /* CardMatchingGame.m */ = {isa = PBXFileReference; fileEncoding = 4; lastKnownFileType = sourcecode.c.objc; name = CardMatchingGame.m; path = Model/CardMatchingGame.m; sourceTree = "<group>"; };
		B46768E01D71959900E838CF /* Matchismo.app */ = {isa = PBXFileReference; explicitFileType = wrapper.application; includeInIndex = 0; path = Matchismo.app; sourceTree = BUILT_PRODUCTS_DIR; };
		B46768E41D71959900E838CF /* main.m */ = {isa = PBXFileReference; lastKnownFileType = sourcecode.c.objc; path = main.m; sourceTree = "<group>"; };
		B46768E61D71959900E838CF /* CardGameAppDelegate.h */ = {isa = PBXFileReference; lastKnownFileType = sourcecode.c.h; path = CardGameAppDelegate.h; sourceTree = "<group>"; };
		B46768E71D71959900E838CF /* CardGameAppDelegate.m */ = {isa = PBXFileReference; lastKnownFileType = sourcecode.c.objc; path = CardGameAppDelegate.m; sourceTree = "<group>"; };
		B46768E91D71959900E838CF /* CardGameViewController.h */ = {isa = PBXFileReference; lastKnownFileType = sourcecode.c.h; path = CardGameViewController.h; sourceTree = "<group>"; };
		B46768EA1D71959900E838CF /* CardGameViewController.m */ = {isa = PBXFileReference; lastKnownFileType = sourcecode.c.objc; path = CardGameViewController.m; sourceTree = "<group>"; };
		B46768ED1D71959900E838CF /* Base */ = {isa = PBXFileReference; lastKnownFileType = file.storyboard; name = Base; path = Base.lproj/Main.storyboard; sourceTree = "<group>"; };
		B46768EF1D71959900E838CF /* Assets.xcassets */ = {isa = PBXFileReference; lastKnownFileType = folder.assetcatalog; path = Assets.xcassets; sourceTree = "<group>"; };
		B46768F21D71959900E838CF /* Base */ = {isa = PBXFileReference; lastKnownFileType = file.storyboard; name = Base; path = Base.lproj/LaunchScreen.storyboard; sourceTree = "<group>"; };
		B46768F41D71959900E838CF /* Info.plist */ = {isa = PBXFileReference; lastKnownFileType = text.plist.xml; path = Info.plist; sourceTree = "<group>"; };
		B46768FA1D71A04500E838CF /* Card.h */ = {isa = PBXFileReference; fileEncoding = 4; lastKnownFileType = sourcecode.c.h; name = Card.h; path = Model/Card.h; sourceTree = "<group>"; };
		B46768FB1D71A04500E838CF /* Card.m */ = {isa = PBXFileReference; fileEncoding = 4; lastKnownFileType = sourcecode.c.objc; name = Card.m; path = Model/Card.m; sourceTree = "<group>"; };
		B4A1DD881D71D98200A491D7 /* Deck.h */ = {isa = PBXFileReference; fileEncoding = 4; lastKnownFileType = sourcecode.c.h; name = Deck.h; path = Model/Deck.h; sourceTree = "<group>"; };
		B4A1DD891D71D98200A491D7 /* Deck.m */ = {isa = PBXFileReference; fileEncoding = 4; lastKnownFileType = sourcecode.c.objc; name = Deck.m; path = Model/Deck.m; sourceTree = "<group>"; };
		B4A1DD8B1D71D99D00A491D7 /* PlayingCard.h */ = {isa = PBXFileReference; fileEncoding = 4; lastKnownFileType = sourcecode.c.h; name = PlayingCard.h; path = Model/PlayingCard.h; sourceTree = "<group>"; };
		B4A1DD8C1D71D99D00A491D7 /* PlayingCard.m */ = {isa = PBXFileReference; fileEncoding = 4; lastKnownFileType = sourcecode.c.objc; name = PlayingCard.m; path = Model/PlayingCard.m; sourceTree = "<group>"; };
		B4A1DD8E1D71D9B100A491D7 /* PlayingCardDeck.h */ = {isa = PBXFileReference; fileEncoding = 4; lastKnownFileType = sourcecode.c.h; name = PlayingCardDeck.h; path = Model/PlayingCardDeck.h; sourceTree = "<group>"; };
		B4A1DD8F1D71D9B100A491D7 /* PlayingCardDeck.m */ = {isa = PBXFileReference; fileEncoding = 4; lastKnownFileType = sourcecode.c.objc; name = PlayingCardDeck.m; path = Model/PlayingCardDeck.m; sourceTree = "<group>"; };
/* End PBXFileReference section */

/* Begin PBXFrameworksBuildPhase section */
		B46768DD1D71959900E838CF /* Frameworks */ = {
			isa = PBXFrameworksBuildPhase;
			buildActionMask = 2147483647;
			files = (
			);
			runOnlyForDeploymentPostprocessing = 0;
		};
/* End PBXFrameworksBuildPhase section */

/* Begin PBXGroup section */
		B46768D71D71959900E838CF = {
			isa = PBXGroup;
			children = (
				B46768E21D71959900E838CF /* Matchismo */,
				B46768E11D71959900E838CF /* Products */,
			);
			sourceTree = "<group>";
		};
		B46768E11D71959900E838CF /* Products */ = {
			isa = PBXGroup;
			children = (
				B46768E01D71959900E838CF /* Matchismo.app */,
			);
			name = Products;
			sourceTree = "<group>";
		};
		B46768E21D71959900E838CF /* Matchismo */ = {
			isa = PBXGroup;
			children = (
				B46768E91D71959900E838CF /* CardGameViewController.h */,
				B46768EA1D71959900E838CF /* CardGameViewController.m */,
				B46768EC1D71959900E838CF /* Main.storyboard */,
				B46768EF1D71959900E838CF /* Assets.xcassets */,
				B46768E31D71959900E838CF /* Supporting Files */,
				B46768FD1D71A09400E838CF /* Model */,
			);
			path = Matchismo;
			sourceTree = "<group>";
		};
		B46768E31D71959900E838CF /* Supporting Files */ = {
			isa = PBXGroup;
			children = (
				B46768E61D71959900E838CF /* CardGameAppDelegate.h */,
				B46768E71D71959900E838CF /* CardGameAppDelegate.m */,
				B46768F11D71959900E838CF /* LaunchScreen.storyboard */,
				B46768F41D71959900E838CF /* Info.plist */,
				B46768E41D71959900E838CF /* main.m */,
			);
			name = "Supporting Files";
			sourceTree = "<group>";
		};
		B46768FD1D71A09400E838CF /* Model */ = {
			isa = PBXGroup;
			children = (
				B46768FA1D71A04500E838CF /* Card.h */,
				B46768FB1D71A04500E838CF /* Card.m */,
				B4A1DD8B1D71D99D00A491D7 /* PlayingCard.h */,
				B4A1DD8C1D71D99D00A491D7 /* PlayingCard.m */,
				B4A1DD881D71D98200A491D7 /* Deck.h */,
				B4A1DD891D71D98200A491D7 /* Deck.m */,
				B4A1DD8E1D71D9B100A491D7 /* PlayingCardDeck.h */,
				B4A1DD8F1D71D9B100A491D7 /* PlayingCardDeck.m */,
				B4099AC71D72B4D7008C7569 /* CardMatchingGame.h */,
				B4099AC81D72B4D7008C7569 /* CardMatchingGame.m */,
			);
			name = Model;
			sourceTree = "<group>";
		};
/* End PBXGroup section */

/* Begin PBXNativeTarget section */
		B46768DF1D71959900E838CF /* Matchismo */ = {
			isa = PBXNativeTarget;
			buildConfigurationList = B46768F71D71959900E838CF /* Build configuration list for PBXNativeTarget "Matchismo" */;
			buildPhases = (
				B46768DC1D71959900E838CF /* Sources */,
				B46768DD1D71959900E838CF /* Frameworks */,
				B46768DE1D71959900E838CF /* Resources */,
			);
			buildRules = (
			);
			dependencies = (
			);
			name = Matchismo;
			productName = Matchismo;
			productReference = B46768E01D71959900E838CF /* Matchismo.app */;
			productType = "com.apple.product-type.application";
		};
/* End PBXNativeTarget section */

/* Begin PBXProject section */
		B46768D81D71959900E838CF /* Project object */ = {
			isa = PBXProject;
			attributes = {
				LastUpgradeCheck = 0810;
				ORGANIZATIONNAME = "Naeem G Shaikh";
				TargetAttributes = {
					B46768DF1D71959900E838CF = {
						CreatedOnToolsVersion = 7.2.1;
					};
				};
			};
			buildConfigurationList = B46768DB1D71959900E838CF /* Build configuration list for PBXProject "Matchismo" */;
			compatibilityVersion = "Xcode 3.2";
			developmentRegion = English;
			hasScannedForEncodings = 0;
			knownRegions = (
				en,
				Base,
			);
			mainGroup = B46768D71D71959900E838CF;
			productRefGroup = B46768E11D71959900E838CF /* Products */;
			projectDirPath = "";
			projectRoot = "";
			targets = (
				B46768DF1D71959900E838CF /* Matchismo */,
			);
		};
/* End PBXProject section */

/* Begin PBXResourcesBuildPhase section */
		B46768DE1D71959900E838CF /* Resources */ = {
			isa = PBXResourcesBuildPhase;
			buildActionMask = 2147483647;
			files = (
				B46768F31D71959900E838CF /* LaunchScreen.storyboard in Resources */,
				B46768F01D71959900E838CF /* Assets.xcassets in Resources */,
				B46768EE1D71959900E838CF /* Main.storyboard in Resources */,
			);
			runOnlyForDeploymentPostprocessing = 0;
		};
/* End PBXResourcesBuildPhase section */

/* Begin PBXSourcesBuildPhase section */
		B46768DC1D71959900E838CF /* Sources */ = {
			isa = PBXSourcesBuildPhase;
			buildActionMask = 2147483647;
			files = (
				B4A1DD8D1D71D99D00A491D7 /* PlayingCard.m in Sources */,
				B4A1DD8A1D71D98200A491D7 /* Deck.m in Sources */,
				B46768EB1D71959900E838CF /* CardGameViewController.m in Sources */,
				B46768E81D71959900E838CF /* CardGameAppDelegate.m in Sources */,
				B4099AC91D72B4D7008C7569 /* CardMatchingGame.m in Sources */,
				B46768E51D71959900E838CF /* main.m in Sources */,
				B46768FC1D71A04500E838CF /* Card.m in Sources */,
				B4A1DD901D71D9B100A491D7 /* PlayingCardDeck.m in Sources */,
			);
			runOnlyForDeploymentPostprocessing = 0;
		};
/* End PBXSourcesBuildPhase section */

/* Begin PBXVariantGroup section */
		B46768EC1D71959900E838CF /* Main.storyboard */ = {
			isa = PBXVariantGroup;
			children = (
				B46768ED1D71959900E838CF /* Base */,
			);
			name = Main.storyboard;
			sourceTree = "<group>";
		};
		B46768F11D71959900E838CF /* LaunchScreen.storyboard */ = {
			isa = PBXVariantGroup;
			children = (
				B46768F21D71959900E838CF /* Base */,
			);
			name = LaunchScreen.storyboard;
			sourceTree = "<group>";
		};
/* End PBXVariantGroup section */

/* Begin XCBuildConfiguration section */
		B46768F51D71959900E838CF /* Debug */ = {
			isa = XCBuildConfiguration;
			buildSettings = {
				ALWAYS_SEARCH_USER_PATHS = NO;
				CLANG_CXX_LANGUAGE_STANDARD = "gnu++0x";
				CLANG_CXX_LIBRARY = "libc++";
				CLANG_ENABLE_MODULES = YES;
				CLANG_ENABLE_OBJC_ARC = YES;
				CLANG_WARN_BOOL_CONVERSION = YES;
				CLANG_WARN_CONSTANT_CONVERSION = YES;
				CLANG_WARN_DIRECT_OBJC_ISA_USAGE = YES_ERROR;
				CLANG_WARN_EMPTY_BODY = YES;
				CLANG_WARN_ENUM_CONVERSION = YES;
				CLANG_WARN_INFINITE_RECURSION = YES;
				CLANG_WARN_INT_CONVERSION = YES;
				CLANG_WARN_OBJC_ROOT_CLASS = YES_ERROR;
				CLANG_WARN_SUSPICIOUS_MOVE = YES;
				CLANG_WARN_UNREACHABLE_CODE = YES;
				CLANG_WARN__DUPLICATE_METHOD_MATCH = YES;
				"CODE_SIGN_IDENTITY[sdk=iphoneos*]" = "iPhone Developer";
				COPY_PHASE_STRIP = NO;
				DEBUG_INFORMATION_FORMAT = dwarf;
				ENABLE_STRICT_OBJC_MSGSEND = YES;
				ENABLE_TESTABILITY = YES;
				GCC_C_LANGUAGE_STANDARD = gnu99;
				GCC_DYNAMIC_NO_PIC = NO;
				GCC_NO_COMMON_BLOCKS = YES;
				GCC_OPTIMIZATION_LEVEL = 0;
				GCC_PREPROCESSOR_DEFINITIONS = (
					"DEBUG=1",
					"$(inherited)",
				);
				GCC_WARN_64_TO_32_BIT_CONVERSION = YES;
				GCC_WARN_ABOUT_RETURN_TYPE = YES_ERROR;
				GCC_WARN_UNDECLARED_SELECTOR = YES;
				GCC_WARN_UNINITIALIZED_AUTOS = YES_AGGRESSIVE;
				GCC_WARN_UNUSED_FUNCTION = YES;
				GCC_WARN_UNUSED_VARIABLE = YES;
				IPHONEOS_DEPLOYMENT_TARGET = 9.2;
				MTL_ENABLE_DEBUG_INFO = YES;
				ONLY_ACTIVE_ARCH = YES;
				SDKROOT = iphoneos;
			};
			name = Debug;
		};
		B46768F61D71959900E838CF /* Release */ = {
			isa = XCBuildConfiguration;
			buildSettings = {
				ALWAYS_SEARCH_USER_PATHS = NO;
				CLANG_CXX_LANGUAGE_STANDARD = "gnu++0x";
				CLANG_CXX_LIBRARY = "libc++";
				CLANG_ENABLE_MODULES = YES;
				CLANG_ENABLE_OBJC_ARC = YES;
				CLANG_WARN_BOOL_CONVERSION = YES;
				CLANG_WARN_CONSTANT_CONVERSION = YES;
				CLANG_WARN_DIRECT_OBJC_ISA_USAGE = YES_ERROR;
				CLANG_WARN_EMPTY_BODY = YES;
				CLANG_WARN_ENUM_CONVERSION = YES;
				CLANG_WARN_INFINITE_RECURSION = YES;
				CLANG_WARN_INT_CONVERSION = YES;
				CLANG_WARN_OBJC_ROOT_CLASS = YES_ERROR;
				CLANG_WARN_SUSPICIOUS_MOVE = YES;
				CLANG_WARN_UNREACHABLE_CODE = YES;
				CLANG_WARN__DUPLICATE_METHOD_MATCH = YES;
				"CODE_SIGN_IDENTITY[sdk=iphoneos*]" = "iPhone Developer";
				COPY_PHASE_STRIP = NO;
				DEBUG_INFORMATION_FORMAT = "dwarf-with-dsym";
				ENABLE_NS_ASSERTIONS = NO;
				ENABLE_STRICT_OBJC_MSGSEND = YES;
				GCC_C_LANGUAGE_STANDARD = gnu99;
				GCC_NO_COMMON_BLOCKS = YES;
				GCC_WARN_64_TO_32_BIT_CONVERSION = YES;
				GCC_WARN_ABOUT_RETURN_TYPE = YES_ERROR;
				GCC_WARN_UNDECLARED_SELECTOR = YES;
				GCC_WARN_UNINITIALIZED_AUTOS = YES_AGGRESSIVE;
				GCC_WARN_UNUSED_FUNCTION = YES;
				GCC_WARN_UNUSED_VARIABLE = YES;
				IPHONEOS_DEPLOYMENT_TARGET = 9.2;
				MTL_ENABLE_DEBUG_INFO = NO;
				SDKROOT = iphoneos;
				VALIDATE_PRODUCT = YES;
			};
			name = Release;
		};
		B46768F81D71959900E838CF /* Debug */ = {
			isa = XCBuildConfiguration;
			buildSettings = {
				ASSETCATALOG_COMPILER_APPICON_NAME = AppIcon;
				CODE_SIGN_IDENTITY = "iPhone Developer";
				INFOPLIST_FILE = Matchismo/Info.plist;
				LD_RUNPATH_SEARCH_PATHS = "$(inherited) @executable_path/Frameworks";
				PRODUCT_BUNDLE_IDENTIFIER = objc.naeemshaikh90.Matchismo;
				PRODUCT_NAME = "$(TARGET_NAME)";
			};
			name = Debug;
		};
		B46768F91D71959900E838CF /* Release */ = {
			isa = XCBuildConfiguration;
			buildSettings = {
				ASSETCATALOG_COMPILER_APPICON_NAME = AppIcon;
				CODE_SIGN_IDENTITY = "iPhone Developer";
				INFOPLIST_FILE = Matchismo/Info.plist;
				LD_RUNPATH_SEARCH_PATHS = "$(inherited) @executable_path/Frameworks";
				PRODUCT_BUNDLE_IDENTIFIER = objc.naeemshaikh90.Matchismo;
				PRODUCT_NAME = "$(TARGET_NAME)";
			};
			name = Release;
		};
/* End XCBuildConfiguration section */

/* Begin XCConfigurationList section */
		B46768DB1D71959900E838CF /* Build configuration list for PBXProject "Matchismo" */ = {
			isa = XCConfigurationList;
			buildConfigurations = (
				B46768F51D71959900E838CF /* Debug */,
				B46768F61D71959900E838CF /* Release */,
			);
			defaultConfigurationIsVisible = 0;
			defaultConfigurationName = Release;
		};
		B46768F71D71959900E838CF /* Build configuration list for PBXNativeTarget "Matchismo" */ = {
			isa = XCConfigurationList;
			buildConfigurations = (
				B46768F81D71959900E838CF /* Debug */,
				B46768F91D71959900E838CF /* Release */,
			);
			defaultConfigurationIsVisible = 0;
			defaultConfigurationName = Release;
		};
/* End XCConfigurationList section */
	};
	rootObject = B46768D81D71959900E838CF /* Project object */;
}
